Microsoft Visual Studio Solution File, Format Version 9.00
# Visual C++ Express 2005
Project("{8BC9CEB8-8B4A-11D0-8D11-00A0C91BC942}") = "SSI", "..\..\ssi\win32\SSI.vcproj", "{1A681975-88F0-4AB6-B4EF-6E860144B4D1}"
EndProject
Project("{8BC9CEB8-8B4A-11D0-8D11-00A0C91BC942}") = "SSIConsole", "SSIConsole.vcproj", "{651ED944-0FC9-4454-A741-24F73E143D1D}"
	ProjectSection(ProjectDependencies) = postProject
		{1A681975-88F0-4AB6-B4EF-6E860144B4D1} = {1A681975-88F0-4AB6-B4EF-6E860144B4D1}
	EndProjectSection
EndProject
Global
	GlobalSection(SolutionConfigurationPlatforms) = preSolution
		Debug|Win32 = Debug|Win32
		Release|Win32 = Release|Win32
	EndGlobalSection
	GlobalSection(ProjectConfigurationPlatforms) = postSolution
		{1A681975-88F0-4AB6-B4EF-6E860144B4D1}.Debug|Win32.ActiveCfg = Debug|Win32
		{1A681975-88F0-4AB6-B4EF-6E860144B4D1}.Debug|Win32.Build.0 = Debug|Win32
		{1A681975-88F0-4AB6-B4EF-6E860144B4D1}.Release|Win32.ActiveCfg = Release|Win32
		{1A681975-88F0-4AB6-B4EF-6E860144B4D1}.Release|Win32.Build.0 = Release|Win32
		{651ED944-0FC9-4454-A741-24F73E143D1D}.Debug|Win32.ActiveCfg = Debug|Win32
		{651ED944-0FC9-4454-A741-24F73E143D1D}.Debug|Win32.Build.0 = Debug|Win32
		{651ED944-0FC9-4454-A741-24F73E143D1D}.Release|Win32.ActiveCfg = Release|Win32
		{651ED944-0FC9-4454-A741-24F73E143D1D}.Release|Win32.Build.0 = Release|Win32
	EndGlobalSection
	GlobalSection(SolutionProperties) = preSolution
		HideSolutionNode = FALSE
	EndGlobalSection
EndGlobal
